
Microsoft Visual Studio Solution File, Format Version 12.00
# Visual Studio 15
VisualStudioVersion = 15.0.26730.15
MinimumVisualStudioVersion = 10.0.40219.1
Project("{FAE04EC0-301F-11D3-BF4B-00C04F79EFBC}") = "MerchantsGuide", "MerchantsGuide\MerchantsGuide.csproj", "{877FA8C6-96B2-495F-B0FC-09FF4CE37701}"
EndProject
Global
	GlobalSection(SolutionConfigurationPlatforms) = preSolution
		Debug|Any CPU = Debug|Any CPU
		Release|Any CPU = Release|Any CPU
	EndGlobalSection
	GlobalSection(ProjectConfigurationPlatforms) = postSolution
		{877FA8C6-96B2-495F-B0FC-09FF4CE37701}.Debug|Any CPU.ActiveCfg = Debug|Any CPU
		{877FA8C6-96B2-495F-B0FC-09FF4CE37701}.Debug|Any CPU.Build.0 = Debug|Any CPU
		{877FA8C6-96B2-495F-B0FC-09FF4CE37701}.Release|Any CPU.ActiveCfg = Release|Any CPU
		{877FA8C6-96B2-495F-B0FC-09FF4CE37701}.Release|Any CPU.Build.0 = Release|Any CPU
	EndGlobalSection
	GlobalSection(SolutionProperties) = preSolution
		HideSolutionNode = FALSE
	EndGlobalSection
	GlobalSection(ExtensibilityGlobals) = postSolution
		SolutionGuid = {65AC34A2-6A15-47D3-9FBC-B2AD380844DD}
	EndGlobalSection
EndGlobal
